
Microsoft Visual Studio Solution File, Format Version 12.00
# Visual Studio Version 17
VisualStudioVersion = 17.6.33717.318
MinimumVisualStudioVersion = 10.0.40219.1
Project("{8BC9CEB8-8B4A-11D0-8D11-00A0C91BC942}") = "ch1.algorithm", "Algorithm-Data_Structures\Algorithm-Data_Structures.vcxproj", "{3BCDF5E4-743F-466D-8644-AFEAD9D16CDD}"
EndProject
Project("{8BC9CEB8-8B4A-11D0-8D11-00A0C91BC942}") = "ch2.complexity and Big O", "ch2.complexity and Big O\ch2.complexity and Big O.vcxproj", "{AA8D97AC-3629-4FE5-9F61-7FA4D66D2A6B}"
EndProject
Project("{8BC9CEB8-8B4A-11D0-8D11-00A0C91BC942}") = "ch3.Exhaustive Search", "ch3.Exhaustive Search\ch3.Exhaustive Search.vcxproj", "{68536AD8-5A89-49D7-A50A-22511E3DDAE2}"
EndProject
Global
	GlobalSection(SolutionConfigurationPlatforms) = preSolution
		Debug|x64 = Debug|x64
		Debug|x86 = Debug|x86
		Release|x64 = Release|x64
		Release|x86 = Release|x86
	EndGlobalSection
	GlobalSection(ProjectConfigurationPlatforms) = postSolution
		{3BCDF5E4-743F-466D-8644-AFEAD9D16CDD}.Debug|x64.ActiveCfg = Debug|x64
		{3BCDF5E4-743F-466D-8644-AFEAD9D16CDD}.Debug|x64.Build.0 = Debug|x64
		{3BCDF5E4-743F-466D-8644-AFEAD9D16CDD}.Debug|x86.ActiveCfg = Debug|Win32
		{3BCDF5E4-743F-466D-8644-AFEAD9D16CDD}.Debug|x86.Build.0 = Debug|Win32
		{3BCDF5E4-743F-466D-8644-AFEAD9D16CDD}.Release|x64.ActiveCfg = Release|x64
		{3BCDF5E4-743F-466D-8644-AFEAD9D16CDD}.Release|x64.Build.0 = Release|x64
		{3BCDF5E4-743F-466D-8644-AFEAD9D16CDD}.Release|x86.ActiveCfg = Release|Win32
		{3BCDF5E4-743F-466D-8644-AFEAD9D16CDD}.Release|x86.Build.0 = Release|Win32
		{AA8D97AC-3629-4FE5-9F61-7FA4D66D2A6B}.Debug|x64.ActiveCfg = Debug|x64
		{AA8D97AC-3629-4FE5-9F61-7FA4D66D2A6B}.Debug|x64.Build.0 = Debug|x64
		{AA8D97AC-3629-4FE5-9F61-7FA4D66D2A6B}.Debug|x86.ActiveCfg = Debug|Win32
		{AA8D97AC-3629-4FE5-9F61-7FA4D66D2A6B}.Debug|x86.Build.0 = Debug|Win32
		{AA8D97AC-3629-4FE5-9F61-7FA4D66D2A6B}.Release|x64.ActiveCfg = Release|x64
		{AA8D97AC-3629-4FE5-9F61-7FA4D66D2A6B}.Release|x64.Build.0 = Release|x64
		{AA8D97AC-3629-4FE5-9F61-7FA4D66D2A6B}.Release|x86.ActiveCfg = Release|Win32
		{AA8D97AC-3629-4FE5-9F61-7FA4D66D2A6B}.Release|x86.Build.0 = Release|Win32
		{68536AD8-5A89-49D7-A50A-22511E3DDAE2}.Debug|x64.ActiveCfg = Debug|x64
		{68536AD8-5A89-49D7-A50A-22511E3DDAE2}.Debug|x64.Build.0 = Debug|x64
		{68536AD8-5A89-49D7-A50A-22511E3DDAE2}.Debug|x86.ActiveCfg = Debug|Win32
		{68536AD8-5A89-49D7-A50A-22511E3DDAE2}.Debug|x86.Build.0 = Debug|Win32
		{68536AD8-5A89-49D7-A50A-22511E3DDAE2}.Release|x64.ActiveCfg = Release|x64
		{68536AD8-5A89-49D7-A50A-22511E3DDAE2}.Release|x64.Build.0 = Release|x64
		{68536AD8-5A89-49D7-A50A-22511E3DDAE2}.Release|x86.ActiveCfg = Release|Win32
		{68536AD8-5A89-49D7-A50A-22511E3DDAE2}.Release|x86.Build.0 = Release|Win32
	EndGlobalSection
	GlobalSection(SolutionProperties) = preSolution
		HideSolutionNode = FALSE
	EndGlobalSection
	GlobalSection(ExtensibilityGlobals) = postSolution
		SolutionGuid = {4CC8858F-E14F-4C55-8B87-C3E15682F191}
	EndGlobalSection
EndGlobal
